version: 1
algorithm: blake3
groups:
  api-docs:
    source:
      src/lib.rs: 1c9773a361c19015bc9b261d049005729c3e2d6e46b334de1785f5b6ab98783b
    dependents:
      README.md: d4410b669f89fdda56aa9b533e837e59e5300e004bbe2cf74c4e7255ba1de387
      www/index.html: fa71f9d6ca639fbc2af2ca66520ceda9047fc3a864fb55fd3ba6e6e6d8e8d480
  dev-docs:
    source:
      Justfile: dafc5a6111af4ff2d755a1ca6d7145eab352fc2da150a53045d4f1f677b317b7
      flake.nix: a7796d1b64ab0e985d84ed7b32a28f69256a7988ebc6ce2d46924a81cc18ccc6
    dependents:
      AGENTS.md: c28cdb97f557b3300a0511fbe053c529174aee96f9a9006d7174cec72abb86d6
      CONTRIBUTING.md: b22879e7bb0cc20ac008c67ac0ddedf249994ac927b99547f0074e91b423632e
  release-notes:
    source:
      Cargo.toml: 2a23bb50af474c416326587c21edc7c863bd3f7b47537c934b714dc835b11db2
    dependents:
      CHANGELOG.md: 75c5c163dddeed107c88c1d5cfb438a21c7cc2a9066307b19ce66656d344e795
