version: 1
algorithm: blake3
groups:
  api-docs:
    source:
      src/lib.rs: 14e3082332b86b68ad357afeb38710db4244dddc9d14d96f6e14ba25463fa66c
    dependents:
      README.md: 10f59bb6e3956b14a80326115349b0e8b185cba78a99ac6a0edebeb1ead01942
      www/index.html: fa71f9d6ca639fbc2af2ca66520ceda9047fc3a864fb55fd3ba6e6e6d8e8d480
  dev-docs:
    source:
      Justfile: dafc5a6111af4ff2d755a1ca6d7145eab352fc2da150a53045d4f1f677b317b7
      flake.nix: a7796d1b64ab0e985d84ed7b32a28f69256a7988ebc6ce2d46924a81cc18ccc6
    dependents:
      AGENTS.md: c28cdb97f557b3300a0511fbe053c529174aee96f9a9006d7174cec72abb86d6
      CONTRIBUTING.md: b22879e7bb0cc20ac008c67ac0ddedf249994ac927b99547f0074e91b423632e
  release-notes:
    source:
      Cargo.toml: 972b641278b584433b83a68c0909dcb8f90093661dd0e3e0fed4a48769b86e8b
    dependents:
      CHANGELOG.md: 4563138f1e46bb5b65572f1ae86caacd1413bcf758021eaf9a9f1bd984e65784
