version: 1
algorithm: blake3
groups:
  api-docs:
    source:
      src/lib.rs: f78760efca4e3686d138f88573f3c046690dbb1a15acc63b8e29556c0de12cf3
    dependents:
      README.md: cff8171bce845edc9853b34a6965551aba19f3dca9bb13310cc36c7c0d3db59f
      www/index.html: fa71f9d6ca639fbc2af2ca66520ceda9047fc3a864fb55fd3ba6e6e6d8e8d480
  dev-docs:
    source:
      Justfile: 9f9ea21f352b88984b3d0331803d16caf7af7729c3dc247f5e1238b217529e06
      flake.nix: a7796d1b64ab0e985d84ed7b32a28f69256a7988ebc6ce2d46924a81cc18ccc6
    dependents:
      AGENTS.md: e7bff191f105c6360c8884fa79decd1dbb1203111530775c2b5d8987ad5cff66
      CONTRIBUTING.md: ec9d8fb88fb275d7fa45d62f4dd126f645fc950635e987f23e2381e9b9d986d5
  release-notes:
    source:
      Cargo.toml: a5343e49b14f31e3eea6ddbc18a3eb1936d19193f7c7b49a7bf19265fc43d3ef
    dependents:
      CHANGELOG.md: 8028867e89cbab2316353caae3fe0bbbe8fe216165d54dbcfd0c48cdb8b60c50
